Microsoft Visual Studio Solution File, Format Version 11.00
# Visual C++ Express 2010
Project("{8BC9CEB8-8B4A-11D0-8D11-00A0C91BC942}") = "darwin", "darwin.vcxproj", "{1682A8F5-E6BA-F3DA-D3B0-831E7790D435}"
EndProject
Global
	GlobalSection(SolutionConfigurationPlatforms) = preSolution
		Debug|Win32 = Debug|Win32
		Release|Win32 = Release|Win32
	EndGlobalSection
	GlobalSection(ProjectConfigurationPlatforms) = postSolution
		{1682A8F5-E6BA-F3DA-D3B0-831E7790D435}.Debug|Win32.ActiveCfg = Debug|Win32
		{1682A8F5-E6BA-F3DA-D3B0-831E7790D435}.Debug|Win32.Build.0 = Debug|Win32
		{1682A8F5-E6BA-F3DA-D3B0-831E7790D435}.Release|Win32.ActiveCfg = Release|Win32
	EndGlobalSection
	GlobalSection(SolutionProperties) = preSolution
		HideSolutionNode = FALSE
	EndGlobalSection
EndGlobal
