<?xml version="1.0" encoding="utf-8"?>
<Project ToolsVersion="4.0" xmlns="http://schemas.microsoft.com/developer/msbuild/2003">
  <ItemGroup>
    <Filter Include="Source Files">
      <UniqueIdentifier>{9564e947-4ae5-46f2-b8e5-a264dc476208}</UniqueIdentifier>
      <Extensions>cpp;c;cxx;rc;def;r;odl;idl;hpj;bat</Extensions>
    </Filter>
    <Filter Include="Header Files">
      <UniqueIdentifier>{8f478ca0-c1a9-489b-87ac-82544c512ca6}</UniqueIdentifier>
      <Extensions>h;hpp;hxx;hm;inl</Extensions>
    </Filter>
    <Filter Include="Resource Files">
      <UniqueIdentifier>{53ea54ee-9389-49aa-812a-dedbe3e486af}</UniqueIdentifier>
      <Extensions>ico;cur;bmp;dlg;rc2;rct;bin;rgs;gif;jpg;jpeg;jpe</Extensions>
    </Filter>
  </ItemGroup>
  <ItemGroup>
    <ClCompile Include="..\src\interface\AboutDialog.cxx">
      <Filter>Source Files</Filter>
    </ClCompile>
    <ClCompile Include="..\src\interface\AlterBrightnessDialog.cxx">
      <Filter>Source Files</Filter>
    </ClCompile>
    <ClCompile Include="..\src\matching\AreaMatch.cxx">
      <Filter>Source Files</Filter>
    </ClCompile>
    <ClCompile Include="..\src\image_processing\BinaryImage.cxx">
      <Filter>Source Files</Filter>
    </ClCompile>
    <ClCompile Include="..\src\interface\CatalogSchemeDialog.cxx">
      <Filter>Source Files</Filter>
    </ClCompile>
    <ClCompile Include="..\src\CatalogSupport.cxx">
      <Filter>Source Files</Filter>
    </ClCompile>
    <ClCompile Include="..\src\Chain.cxx">
      <Filter>Source Files</Filter>
    </ClCompile>
    <ClCompile Include="..\src\image_processing\ColorImage.cxx">
      <Filter>Source Files</Filter>
    </ClCompile>
    <ClCompile Include="..\src\ConfigFile.cxx">
      <Filter>Source Files</Filter>
    </ClCompile>
    <ClCompile Include="..\src\Contour.cxx">
      <Filter>Source Files</Filter>
    </ClCompile>
    <ClCompile Include="..\src\interface\ContourInfoDialog.cxx">
      <Filter>Source Files</Filter>
    </ClCompile>
    <ClCompile Include="..\src\image_processing\conversions.cxx">
      <Filter>Source Files</Filter>
    </ClCompile>
    <ClCompile Include="..\src\interface\CreateDatabaseDialog.cxx">
      <Filter>Source Files</Filter>
    </ClCompile>
    <ClCompile Include="..\src\Database.cxx">
      <Filter>Source Files</Filter>
    </ClCompile>
    <ClCompile Include="..\src\interface\DataExportDialog.cxx">
      <Filter>Source Files</Filter>
    </ClCompile>
    <ClCompile Include="..\src\interface\DBConvertDialog.cxx">
      <Filter>Source Files</Filter>
    </ClCompile>
    <ClCompile Include="..\src\interface\DeleteOutlineDialog.cxx">
      <Filter>Source Files</Filter>
    </ClCompile>
    <ClCompile Include="..\src\image_processing\edge_detect.cxx">
      <Filter>Source Files</Filter>
    </ClCompile>
    <ClCompile Include="..\src\interface\EnhanceContrastDialog.cxx">
      <Filter>Source Files</Filter>
    </ClCompile>
    <ClCompile Include="..\src\interface\ErrorDialog.cxx">
      <Filter>Source Files</Filter>
    </ClCompile>
    <ClCompile Include="..\src\image_processing\exif.cpp">
      <Filter>Source Files</Filter>
    </ClCompile>
    <ClCompile Include="..\src\interface\ExportFinzDialog.cxx">
      <Filter>Source Files</Filter>
    </ClCompile>
    <ClCompile Include="..\src\FloatContour.cxx">
      <Filter>Source Files</Filter>
    </ClCompile>
    <ClCompile Include="..\src\math\gaussj.cxx">
      <Filter>Source Files</Filter>
    </ClCompile>
    <ClCompile Include="..\src\image_processing\GrayImage.cxx">
      <Filter>Source Files</Filter>
    </ClCompile>
    <ClCompile Include="..\src\image_processing\hysteresis.cxx">
      <Filter>Source Files</Filter>
    </ClCompile>
    <ClCompile Include="..\src\image_processing\ImageMod.cxx">
      <Filter>Source Files</Filter>
    </ClCompile>
    <ClCompile Include="..\src\interface\ImageViewDialog.cxx">
      <Filter>Source Files</Filter>
    </ClCompile>
    <ClCompile Include="..\src\IntensityContour.cxx">
      <Filter>Source Files</Filter>
    </ClCompile>
    <ClCompile Include="..\src\IntensityContourCyan.cxx">
      <Filter>Source Files</Filter>
    </ClCompile>
    <ClCompile Include="..\src\main.cxx">
      <Filter>Source Files</Filter>
    </ClCompile>
    <ClCompile Include="..\src\interface\MainWindow.cxx">
      <Filter>Source Files</Filter>
    </ClCompile>
    <ClCompile Include="..\src\mapContour.cxx">
      <Filter>Source Files</Filter>
    </ClCompile>
    <ClCompile Include="..\src\interface\MappedContoursDialog.cxx">
      <Filter>Source Files</Filter>
    </ClCompile>
    <ClCompile Include="..\src\matching\Match.cxx">
      <Filter>Source Files</Filter>
    </ClCompile>
    <ClCompile Include="..\src\interface\MatchingDialog.cxx">
      <Filter>Source Files</Filter>
    </ClCompile>
    <ClCompile Include="..\src\matching\MatchingQueue.cxx">
      <Filter>Source Files</Filter>
    </ClCompile>
    <ClCompile Include="..\src\interface\MatchingQueueDialog.cxx">
      <Filter>Source Files</Filter>
    </ClCompile>
    <ClCompile Include="..\src\matching\MatchResults.cxx">
      <Filter>Source Files</Filter>
    </ClCompile>
    <ClCompile Include="..\src\interface\MatchResultsWindow.cxx">
      <Filter>Source Files</Filter>
    </ClCompile>
    <ClCompile Include="..\src\interface\ModifyDatabaseWindow.cxx">
      <Filter>Source Files</Filter>
    </ClCompile>
    <ClCompile Include="..\src\interface\NoMatchWindow.cxx">
      <Filter>Source Files</Filter>
    </ClCompile>
    <ClCompile Include="..\src\OldDatabase.cxx">
      <Filter>Source Files</Filter>
    </ClCompile>
    <ClCompile Include="..\src\interface\OpenFileChooserDialog.cxx">
      <Filter>Source Files</Filter>
    </ClCompile>
    <ClCompile Include="..\src\interface\OptionsDialog.cxx">
      <Filter>Source Files</Filter>
    </ClCompile>
    <ClCompile Include="..\src\Outline.cxx">
      <Filter>Source Files</Filter>
    </ClCompile>
    <ClCompile Include="..\png\pngImageSupport.c">
      <Filter>Source Files</Filter>
    </ClCompile>
    <ClCompile Include="..\src\interface\ResizeDialog.cxx">
      <Filter>Source Files</Filter>
    </ClCompile>
    <ClCompile Include="..\src\interface\SaveFileChooserDialog.cxx">
      <Filter>Source Files</Filter>
    </ClCompile>
    <ClCompile Include="..\src\snake.cxx">
      <Filter>Source Files</Filter>
    </ClCompile>
    <ClCompile Include="..\src\interface\SplashWindow.cxx">
      <Filter>Source Files</Filter>
    </ClCompile>
    <ClCompile Include="..\src\sqlite3.c">
      <Filter>Source Files</Filter>
    </ClCompile>
    <ClCompile Include="..\src\SQLiteDatabase.cxx">
      <Filter>Source Files</Filter>
    </ClCompile>
    <ClCompile Include="..\src\support.cxx">
      <Filter>Source Files</Filter>
    </ClCompile>
    <ClCompile Include="..\src\thumbnail.cxx">
      <Filter>Source Files</Filter>
    </ClCompile>
    <ClCompile Include="..\src\interface\TraceWindow.cxx">
      <Filter>Source Files</Filter>
    </ClCompile>
    <ClCompile Include="..\src\waveletUtil.cxx">
      <Filter>Source Files</Filter>
    </ClCompile>
    <ClCompile Include="..\src\wavelet\wlcError.c">
      <Filter>Source Files</Filter>
    </ClCompile>
    <ClCompile Include="..\src\wavelet\wlcMem.c">
      <Filter>Source Files</Filter>
    </ClCompile>
    <ClCompile Include="..\src\wavelet\wlcPackets.c">
      <Filter>Source Files</Filter>
    </ClCompile>
    <ClCompile Include="..\src\wavelet\wlcPWavelet.c">
      <Filter>Source Files</Filter>
    </ClCompile>
    <ClCompile Include="..\src\wavelet\wlcSBFilter.c">
      <Filter>Source Files</Filter>
    </ClCompile>
    <ClCompile Include="..\src\wavelet\wlcSWavelet.c">
      <Filter>Source Files</Filter>
    </ClCompile>
    <ClCompile Include="..\src\wavelet\wlcUtils.c">
      <Filter>Source Files</Filter>
    </ClCompile>
    <ClCompile Include="..\src\wavelet\wlRWavelet.c">
      <Filter>Source Files</Filter>
    </ClCompile>
  </ItemGroup>
  <ItemGroup>
    <ClInclude Include="..\Src\interface\AboutDialog.h">
      <Filter>Header Files</Filter>
    </ClInclude>
    <ClInclude Include="..\Src\interface\AlterBrightnessDialog.h">
      <Filter>Header Files</Filter>
    </ClInclude>
    <ClInclude Include="..\src\matching\AreaMatch.h">
      <Filter>Header Files</Filter>
    </ClInclude>
    <ClInclude Include="..\src\image_processing\BinaryImage.h">
      <Filter>Header Files</Filter>
    </ClInclude>
    <ClInclude Include="..\src\CatalogScheme.h">
      <Filter>Header Files</Filter>
    </ClInclude>
    <ClInclude Include="..\src\interface\CatalogSchemeDialog.h">
      <Filter>Header Files</Filter>
    </ClInclude>
    <ClInclude Include="..\src\CatalogSupport.h">
      <Filter>Header Files</Filter>
    </ClInclude>
    <ClInclude Include="..\src\Chain.h">
      <Filter>Header Files</Filter>
    </ClInclude>
    <ClInclude Include="..\Src\image_processing\ColorImage.h">
      <Filter>Header Files</Filter>
    </ClInclude>
    <ClInclude Include="..\Config.h">
      <Filter>Header Files</Filter>
    </ClInclude>
    <ClInclude Include="..\Src\ConfigFile.h">
      <Filter>Header Files</Filter>
    </ClInclude>
    <ClInclude Include="..\Src\constants.h">
      <Filter>Header Files</Filter>
    </ClInclude>
    <ClInclude Include="..\Src\Contour.h">
      <Filter>Header Files</Filter>
    </ClInclude>
    <ClInclude Include="..\Src\interface\ContourInfoDialog.h">
      <Filter>Header Files</Filter>
    </ClInclude>
    <ClInclude Include="..\Src\image_processing\conversions.h">
      <Filter>Header Files</Filter>
    </ClInclude>
    <ClInclude Include="..\src\interface\CreateDatabaseDialog.h">
      <Filter>Header Files</Filter>
    </ClInclude>
    <ClInclude Include="..\Src\Database.h">
      <Filter>Header Files</Filter>
    </ClInclude>
    <ClInclude Include="..\Src\DatabaseFin.h">
      <Filter>Header Files</Filter>
    </ClInclude>
    <ClInclude Include="..\src\interface\DataExportDialog.h">
      <Filter>Header Files</Filter>
    </ClInclude>
    <ClInclude Include="..\src\interface\DBConvertDialog.h">
      <Filter>Header Files</Filter>
    </ClInclude>
    <ClInclude Include="..\src\interface\DeleteOutlineDialog.h">
      <Filter>Header Files</Filter>
    </ClInclude>
    <ClInclude Include="..\src\DummyDatabase.h">
      <Filter>Header Files</Filter>
    </ClInclude>
    <ClInclude Include="..\Src\image_processing\edge_detect.h">
      <Filter>Header Files</Filter>
    </ClInclude>
    <ClInclude Include="..\src\interface\EnhanceContrastDialog.h">
      <Filter>Header Files</Filter>
    </ClInclude>
    <ClInclude Include="..\Src\Error.h">
      <Filter>Header Files</Filter>
    </ClInclude>
    <ClInclude Include="..\Src\interface\ErrorDialog.h">
      <Filter>Header Files</Filter>
    </ClInclude>
    <ClInclude Include="..\src\image_processing\exif.h">
      <Filter>Header Files</Filter>
    </ClInclude>
    <ClInclude Include="..\src\interface\ExportFinzDialog.h">
      <Filter>Header Files</Filter>
    </ClInclude>
    <ClInclude Include="..\src\FloatContour.h">
      <Filter>Header Files</Filter>
    </ClInclude>
    <ClInclude Include="..\src\math\gaussj.h">
      <Filter>Header Files</Filter>
    </ClInclude>
    <ClInclude Include="..\Src\image_processing\GrayImage.h">
      <Filter>Header Files</Filter>
    </ClInclude>
    <ClInclude Include="..\src\interface\GtkCompat.h">
      <Filter>Header Files</Filter>
    </ClInclude>
    <ClInclude Include="..\Src\image_processing\Histogram.h">
      <Filter>Header Files</Filter>
    </ClInclude>
    <ClInclude Include="..\Src\image_processing\hysteresis.h">
      <Filter>Header Files</Filter>
    </ClInclude>
    <ClInclude Include="..\Src\image_processing\Image.h">
      <Filter>Header Files</Filter>
    </ClInclude>
    <ClInclude Include="..\Src\image_processing\ImageFile.h">
      <Filter>Header Files</Filter>
    </ClInclude>
    <ClInclude Include="..\src\image_processing\ImageMod.h">
      <Filter>Header Files</Filter>
    </ClInclude>
    <ClInclude Include="..\Src\interface\ImageViewDialog.h">
      <Filter>Header Files</Filter>
    </ClInclude>
    <ClInclude Include="..\src\IntensityContour.h">
      <Filter>Header Files</Filter>
    </ClInclude>
    <ClInclude Include="..\src\IntensityContourCyan.h">
      <Filter>Header Files</Filter>
    </ClInclude>
    <ClInclude Include="..\Src\interface\MainWindow.h">
      <Filter>Header Files</Filter>
    </ClInclude>
    <ClInclude Include="..\src\mapContour.h">
      <Filter>Header Files</Filter>
    </ClInclude>
    <ClInclude Include="..\src\interface\MappedContoursDialog.h">
      <Filter>Header Files</Filter>
    </ClInclude>
    <ClInclude Include="..\src\matching\Match.h">
      <Filter>Header Files</Filter>
    </ClInclude>
    <ClInclude Include="..\Src\interface\MatchingDialog.h">
      <Filter>Header Files</Filter>
    </ClInclude>
    <ClInclude Include="..\Src\Matching\MatchingQueue.h">
      <Filter>Header Files</Filter>
    </ClInclude>
    <ClInclude Include="..\Src\interface\MatchingQueueDialog.h">
      <Filter>Header Files</Filter>
    </ClInclude>
    <ClInclude Include="..\Src\Matching\MatchResults.h">
      <Filter>Header Files</Filter>
    </ClInclude>
    <ClInclude Include="..\Src\interface\MatchResultsWindow.h">
      <Filter>Header Files</Filter>
    </ClInclude>
    <ClInclude Include="..\Src\image_processing\Matrix.h">
      <Filter>Header Files</Filter>
    </ClInclude>
    <ClInclude Include="..\src\interface\ModifyDatabaseWindow.h">
      <Filter>Header Files</Filter>
    </ClInclude>
    <ClInclude Include="..\src\interface\NoMatchWindow.h">
      <Filter>Header Files</Filter>
    </ClInclude>
    <ClInclude Include="..\src\OldDatabase.h">
      <Filter>Header Files</Filter>
    </ClInclude>
    <ClInclude Include="..\src\interface\OpenFileChooserDialog.h">
      <Filter>Header Files</Filter>
    </ClInclude>
    <ClInclude Include="..\Src\Options.h">
      <Filter>Header Files</Filter>
    </ClInclude>
    <ClInclude Include="..\Src\interface\OptionsDialog.h">
      <Filter>Header Files</Filter>
    </ClInclude>
    <ClInclude Include="..\src\Outline.h">
      <Filter>Header Files</Filter>
    </ClInclude>
    <ClInclude Include="..\Src\image_processing\Pixel.h">
      <Filter>Header Files</Filter>
    </ClInclude>
    <ClInclude Include="..\png\pngFile.h">
      <Filter>Header Files</Filter>
    </ClInclude>
    <ClInclude Include="..\src\Point.h">
      <Filter>Header Files</Filter>
    </ClInclude>
    <ClInclude Include="..\Src\interface\ResizeDialog.h">
      <Filter>Header Files</Filter>
    </ClInclude>
    <ClInclude Include="..\src\interface\SaveFileChooserDialog.h">
      <Filter>Header Files</Filter>
    </ClInclude>
    <ClInclude Include="..\Src\Snake.h">
      <Filter>Header Files</Filter>
    </ClInclude>
    <ClInclude Include="..\Src\interface\SplashWindow.h">
      <Filter>Header Files</Filter>
    </ClInclude>
    <ClInclude Include="..\src\sqlite3.h">
      <Filter>Header Files</Filter>
    </ClInclude>
    <ClInclude Include="..\src\SQLiteDatabase.h">
      <Filter>Header Files</Filter>
    </ClInclude>
    <ClInclude Include="..\Src\Support.h">
      <Filter>Header Files</Filter>
    </ClInclude>
    <ClInclude Include="..\src\thumbnail.h">
      <Filter>Header Files</Filter>
    </ClInclude>
    <ClInclude Include="..\Src\interface\TraceWindow.h">
      <Filter>Header Files</Filter>
    </ClInclude>
    <ClInclude Include="..\Src\image_processing\transform.h">
      <Filter>Header Files</Filter>
    </ClInclude>
    <ClInclude Include="..\Src\image_processing\Types.h">
      <Filter>Header Files</Filter>
    </ClInclude>
    <ClInclude Include="..\Src\Utility.h">
      <Filter>Header Files</Filter>
    </ClInclude>
    <ClInclude Include="..\src\waveletUtil.h">
      <Filter>Header Files</Filter>
    </ClInclude>
    <ClInclude Include="..\Src\Wavelet\Wlcore.h">
      <Filter>Header Files</Filter>
    </ClInclude>
  </ItemGroup>
  <ItemGroup>
    <None Include="..\pixmaps\addpoint.xpm" />
    <None Include="..\pixmaps\addpoint_cursor.xbm" />
    <None Include="temptemp.txt" />
    <None Include="to-do.txt" />
    <None Include="icon1.ico">
      <Filter>Resource Files</Filter>
    </None>
  </ItemGroup>
</Project>